{
  "name": "wwwroot",
  "version": "1.0.0",
  "lockfileVersion": 3,
  "requires": true,
  "packages": {
    "": {
      "name": "wwwroot",
      "version": "1.0.0",
      "license": "MIT",
      "dependencies": {
        "dropify": "^0.2.2"
      }
    },
    "node_modules/dropify": {
      "version": "0.2.2",
      "resolved": "https://registry.npmjs.org/dropify/-/dropify-0.2.2.tgz",
      "integrity": "sha512-SK9IaPaRLn6/EFGKkNcly9yPSxQwpgLac7nqbDEh2PfFtY4nDH3NR6YXNG0v/sGcu9Q1/3ufuGBTCvPpVPMRLA==",
      "license": "MIT",
      "dependencies": {
        "jquery": "*"
      }
    },
    "node_modules/jquery": {
      "version": "3.7.1",
      "resolved": "https://registry.npmjs.org/jquery/-/jquery-3.7.1.tgz",
      "integrity": "sha512-m4avr8yL8kmFN8psrbFFFmB/If14iN5o9nw/NgnnM+kybDJpRsAynV2BsfpTYrTRysYUdADVD7CkUUizgkpLfg==",
      "license": "MIT"
    }
  }
}
